
Microsoft Visual Studio Solution File, Format Version 12.00
# Visual Studio Version 17
VisualStudioVersion = 17.1.32319.34
MinimumVisualStudioVersion = 10.0.40219.1
Project("{FAE04EC0-301F-11D3-BF4B-00C04F79EFBC}") = "Fluketech", "Fluketech.csproj", "{52043C70-9FC7-4465-9865-0657A3CB6144}"
EndProject
Global
	GlobalSection(SolutionConfigurationPlatforms) = preSolution
		Debug|Any CPU = Debug|Any CPU
		Release|Any CPU = Release|Any CPU
	EndGlobalSection
	GlobalSection(ProjectConfigurationPlatforms) = postSolution
		{52043C70-9FC7-4465-9865-0657A3CB6144}.Debug|Any CPU.ActiveCfg = Debug|Any CPU
		{52043C70-9FC7-4465-9865-0657A3CB6144}.Debug|Any CPU.Build.0 = Debug|Any CPU
		{52043C70-9FC7-4465-9865-0657A3CB6144}.Release|Any CPU.ActiveCfg = Release|Any CPU
		{52043C70-9FC7-4465-9865-0657A3CB6144}.Release|Any CPU.Build.0 = Release|Any CPU
	EndGlobalSection
	GlobalSection(SolutionProperties) = preSolution
		HideSolutionNode = FALSE
	EndGlobalSection
	GlobalSection(ExtensibilityGlobals) = postSolution
		SolutionGuid = {C47FAB1C-8BB3-4BF0-BA62-CDCED97E70D6}
	EndGlobalSection
EndGlobal
